
Microsoft Visual Studio Solution File, Format Version 12.00
# Visual Studio Version 17
VisualStudioVersion = 17.7.34024.191
MinimumVisualStudioVersion = 10.0.40219.1
Project("{9A19103F-16F7-4668-BE54-9A1E7A4F7556}") = "WinFormsApps", "WinFormsApps\WinFormsApps.csproj", "{F5AC6D7E-552C-4C84-BC31-4B7256964E4D}"
EndProject
Project("{9A19103F-16F7-4668-BE54-9A1E7A4F7556}") = "wage calculator app", "..\wage calculator app\wage calculator app.csproj", "{799C8F28-11D9-40FC-8FDC-20A305BAE57D}"
EndProject
Project("{9A19103F-16F7-4668-BE54-9A1E7A4F7556}") = "Labels", "Labels\Labels.csproj", "{2AA1B316-8BB1-4BE1-AF48-6D2ECDF01850}"
EndProject
Project("{FAE04EC0-301F-11D3-BF4B-00C04F79EFBC}") = "Language translator  app", "Language translator  app\Language translator  app.csproj", "{44FBE4EF-B341-4151-A4AC-C40A0D2D41CC}"
EndProject
Global
	GlobalSection(SolutionConfigurationPlatforms) = preSolution
		Debug|Any CPU = Debug|Any CPU
		Release|Any CPU = Release|Any CPU
	EndGlobalSection
	GlobalSection(ProjectConfigurationPlatforms) = postSolution
		{F5AC6D7E-552C-4C84-BC31-4B7256964E4D}.Debug|Any CPU.ActiveCfg = Debug|Any CPU
		{F5AC6D7E-552C-4C84-BC31-4B7256964E4D}.Debug|Any CPU.Build.0 = Debug|Any CPU
		{F5AC6D7E-552C-4C84-BC31-4B7256964E4D}.Release|Any CPU.ActiveCfg = Release|Any CPU
		{F5AC6D7E-552C-4C84-BC31-4B7256964E4D}.Release|Any CPU.Build.0 = Release|Any CPU
		{799C8F28-11D9-40FC-8FDC-20A305BAE57D}.Debug|Any CPU.ActiveCfg = Debug|Any CPU
		{799C8F28-11D9-40FC-8FDC-20A305BAE57D}.Debug|Any CPU.Build.0 = Debug|Any CPU
		{799C8F28-11D9-40FC-8FDC-20A305BAE57D}.Release|Any CPU.ActiveCfg = Release|Any CPU
		{799C8F28-11D9-40FC-8FDC-20A305BAE57D}.Release|Any CPU.Build.0 = Release|Any CPU
		{2AA1B316-8BB1-4BE1-AF48-6D2ECDF01850}.Debug|Any CPU.ActiveCfg = Debug|Any CPU
		{2AA1B316-8BB1-4BE1-AF48-6D2ECDF01850}.Debug|Any CPU.Build.0 = Debug|Any CPU
		{2AA1B316-8BB1-4BE1-AF48-6D2ECDF01850}.Release|Any CPU.ActiveCfg = Release|Any CPU
		{2AA1B316-8BB1-4BE1-AF48-6D2ECDF01850}.Release|Any CPU.Build.0 = Release|Any CPU
		{44FBE4EF-B341-4151-A4AC-C40A0D2D41CC}.Debug|Any CPU.ActiveCfg = Debug|Any CPU
		{44FBE4EF-B341-4151-A4AC-C40A0D2D41CC}.Debug|Any CPU.Build.0 = Debug|Any CPU
		{44FBE4EF-B341-4151-A4AC-C40A0D2D41CC}.Release|Any CPU.ActiveCfg = Release|Any CPU
		{44FBE4EF-B341-4151-A4AC-C40A0D2D41CC}.Release|Any CPU.Build.0 = Release|Any CPU
	EndGlobalSection
	GlobalSection(SolutionProperties) = preSolution
		HideSolutionNode = FALSE
	EndGlobalSection
	GlobalSection(ExtensibilityGlobals) = postSolution
		SolutionGuid = {30C8BED6-E932-40B6-A908-B0DC6C489138}
	EndGlobalSection
EndGlobal
